
Microsoft Visual Studio Solution File, Format Version 12.00
# Visual Studio Version 16
VisualStudioVersion = 16.0.32126.315
MinimumVisualStudioVersion = 10.0.40219.1
Project("{FAE04EC0-301F-11D3-BF4B-00C04F79EFBC}") = "ConsoleMon", "ConsoleMon\ConsoleMon.csproj", "{0DE2FB17-737E-44E2-A9F3-E1908FC4084C}"
EndProject
Global
	GlobalSection(SolutionConfigurationPlatforms) = preSolution
		Debug|Any CPU = Debug|Any CPU
		Release|Any CPU = Release|Any CPU
	EndGlobalSection
	GlobalSection(ProjectConfigurationPlatforms) = postSolution
		{0DE2FB17-737E-44E2-A9F3-E1908FC4084C}.Debug|Any CPU.ActiveCfg = Debug|Any CPU
		{0DE2FB17-737E-44E2-A9F3-E1908FC4084C}.Debug|Any CPU.Build.0 = Debug|Any CPU
		{0DE2FB17-737E-44E2-A9F3-E1908FC4084C}.Release|Any CPU.ActiveCfg = Release|Any CPU
		{0DE2FB17-737E-44E2-A9F3-E1908FC4084C}.Release|Any CPU.Build.0 = Release|Any CPU
	EndGlobalSection
	GlobalSection(SolutionProperties) = preSolution
		HideSolutionNode = FALSE
	EndGlobalSection
	GlobalSection(ExtensibilityGlobals) = postSolution
		SolutionGuid = {407E10B9-4BEA-47E5-957B-26D5CE6D0406}
	EndGlobalSection
EndGlobal
